// !$*UTF8*$!
{
	archiveVersion = 1;
	classes = {
	};
	objectVersion = 50;
	objects = {

/* Begin PBXBuildFile section */
		23CCE57D221ED59C00A5746A /* MainSb.storyboard in Resources */ = {isa = PBXBuildFile; fileRef = 23CCE57C221ED59C00A5746A /* MainSb.storyboard */; };
		7C4B9D0F221ACA6A00DED97D /* AppDelegate.swift in Sources */ = {isa = PBXBuildFile; fileRef = 7C4B9D0E221ACA6A00DED97D /* AppDelegate.swift */; };
		7C4B9D11221ACA6A00DED97D /* ViewController.swift in Sources */ = {isa = PBXBuildFile; fileRef = 7C4B9D10221ACA6A00DED97D /* ViewController.swift */; };
		7C4B9D14221ACA6A00DED97D /* Main.storyboard in Resources */ = {isa = PBXBuildFile; fileRef = 7C4B9D12221ACA6A00DED97D /* Main.storyboard */; };
		7C4B9D16221ACA6B00DED97D /* Assets.xcassets in Resources */ = {isa = PBXBuildFile; fileRef = 7C4B9D15221ACA6B00DED97D /* Assets.xcassets */; };
		7C4B9D19221ACA6B00DED97D /* LaunchScreen.storyboard in Resources */ = {isa = PBXBuildFile; fileRef = 7C4B9D17221ACA6B00DED97D /* LaunchScreen.storyboard */; };
		7C4B9D21221ACAAA00DED97D /* NetManager.swift in Sources */ = {isa = PBXBuildFile; fileRef = 7C4B9D20221ACAAA00DED97D /* NetManager.swift */; };
		7C4B9D24221ACF8D00DED97D /* MyTableViewCell.swift in Sources */ = {isa = PBXBuildFile; fileRef = 7C4B9D22221ACF8D00DED97D /* MyTableViewCell.swift */; };
		7C4B9D25221ACF8D00DED97D /* MyTableViewCell.xib in Resources */ = {isa = PBXBuildFile; fileRef = 7C4B9D23221ACF8D00DED97D /* MyTableViewCell.xib */; };
		7C4B9D27221AD97400DED97D /* MiddleViewController.swift in Sources */ = {isa = PBXBuildFile; fileRef = 7C4B9D26221AD97400DED97D /* MiddleViewController.swift */; };
		7C4B9D29221AD97A00DED97D /* SettingsViewController.swift in Sources */ = {isa = PBXBuildFile; fileRef = 7C4B9D28221AD97A00DED97D /* SettingsViewController.swift */; };
/* End PBXBuildFile section */

/* Begin PBXFileReference section */
		23CCE57C221ED59C00A5746A /* MainSb.storyboard */ = {isa = PBXFileReference; lastKnownFileType = file.storyboard; path = MainSb.storyboard; sourceTree = "<group>"; };
		7C4B9D0B221ACA6A00DED97D /* SolidProject.app */ = {isa = PBXFileReference; explicitFileType = wrapper.application; includeInIndex = 0; path = SolidProject.app; sourceTree = BUILT_PRODUCTS_DIR; };
		7C4B9D0E221ACA6A00DED97D /* AppDelegate.swift */ = {isa = PBXFileReference; lastKnownFileType = sourcecode.swift; path = AppDelegate.swift; sourceTree = "<group>"; };
		7C4B9D10221ACA6A00DED97D /* ViewController.swift */ = {isa = PBXFileReference; lastKnownFileType = sourcecode.swift; path = ViewController.swift; sourceTree = "<group>"; };
		7C4B9D13221ACA6A00DED97D /* Base */ = {isa = PBXFileReference; lastKnownFileType = file.storyboard; name = Base; path = Base.lproj/Main.storyboard; sourceTree = "<group>"; };
		7C4B9D15221ACA6B00DED97D /* Assets.xcassets */ = {isa = PBXFileReference; lastKnownFileType = folder.assetcatalog; path = Assets.xcassets; sourceTree = "<group>"; };
		7C4B9D18221ACA6B00DED97D /* Base */ = {isa = PBXFileReference; lastKnownFileType = file.storyboard; name = Base; path = Base.lproj/LaunchScreen.storyboard; sourceTree = "<group>"; };
		7C4B9D1A221ACA6B00DED97D /* Info.plist */ = {isa = PBXFileReference; lastKnownFileType = text.plist.xml; path = Info.plist; sourceTree = "<group>"; };
		7C4B9D20221ACAAA00DED97D /* NetManager.swift */ = {isa = PBXFileReference; lastKnownFileType = sourcecode.swift; path = NetManager.swift; sourceTree = "<group>"; };
		7C4B9D22221ACF8D00DED97D /* MyTableViewCell.swift */ = {isa = PBXFileReference; lastKnownFileType = sourcecode.swift; path = MyTableViewCell.swift; sourceTree = "<group>"; };
		7C4B9D23221ACF8D00DED97D /* MyTableViewCell.xib */ = {isa = PBXFileReference; lastKnownFileType = file.xib; path = MyTableViewCell.xib; sourceTree = "<group>"; };
		7C4B9D26221AD97400DED97D /* MiddleViewController.swift */ = {isa = PBXFileReference; lastKnownFileType = sourcecode.swift; path = MiddleViewController.swift; sourceTree = "<group>"; };
		7C4B9D28221AD97A00DED97D /* SettingsViewController.swift */ = {isa = PBXFileReference; lastKnownFileType = sourcecode.swift; path = SettingsViewController.swift; sourceTree = "<group>"; };
/* End PBXFileReference section */

/* Begin PBXFrameworksBuildPhase section */
		7C4B9D08221ACA6A00DED97D /* Frameworks */ = {
			isa = PBXFrameworksBuildPhase;
			buildActionMask = 2147483647;
			files = (
			);
			runOnlyForDeploymentPostprocessing = 0;
		};
/* End PBXFrameworksBuildPhase section */

/* Begin PBXGroup section */
		23CCE57B221ED52400A5746A /* Main Workflow */ = {
			isa = PBXGroup;
			children = (
				23CCE57C221ED59C00A5746A /* MainSb.storyboard */,
			);
			path = "Main Workflow";
			sourceTree = "<group>";
		};
		7C4B9D02221ACA6A00DED97D = {
			isa = PBXGroup;
			children = (
				7C4B9D0D221ACA6A00DED97D /* SolidProject */,
				7C4B9D0C221ACA6A00DED97D /* Products */,
			);
			sourceTree = "<group>";
		};
		7C4B9D0C221ACA6A00DED97D /* Products */ = {
			isa = PBXGroup;
			children = (
				7C4B9D0B221ACA6A00DED97D /* SolidProject.app */,
			);
			name = Products;
			sourceTree = "<group>";
		};
		7C4B9D0D221ACA6A00DED97D /* SolidProject */ = {
			isa = PBXGroup;
			children = (
				23CCE57B221ED52400A5746A /* Main Workflow */,
				7C4B9D0E221ACA6A00DED97D /* AppDelegate.swift */,
				7C4B9D10221ACA6A00DED97D /* ViewController.swift */,
				7C4B9D26221AD97400DED97D /* MiddleViewController.swift */,
				7C4B9D28221AD97A00DED97D /* SettingsViewController.swift */,
				7C4B9D22221ACF8D00DED97D /* MyTableViewCell.swift */,
				7C4B9D23221ACF8D00DED97D /* MyTableViewCell.xib */,
				7C4B9D12221ACA6A00DED97D /* Main.storyboard */,
				7C4B9D15221ACA6B00DED97D /* Assets.xcassets */,
				7C4B9D17221ACA6B00DED97D /* LaunchScreen.storyboard */,
				7C4B9D1A221ACA6B00DED97D /* Info.plist */,
				7C4B9D20221ACAAA00DED97D /* NetManager.swift */,
			);
			path = SolidProject;
			sourceTree = "<group>";
		};
/* End PBXGroup section */

/* Begin PBXNativeTarget section */
		7C4B9D0A221ACA6A00DED97D /* SolidProject */ = {
			isa = PBXNativeTarget;
			buildConfigurationList = 7C4B9D1D221ACA6B00DED97D /* Build configuration list for PBXNativeTarget "SolidProject" */;
			buildPhases = (
				7C4B9D07221ACA6A00DED97D /* Sources */,
				7C4B9D08221ACA6A00DED97D /* Frameworks */,
				7C4B9D09221ACA6A00DED97D /* Resources */,
			);
			buildRules = (
			);
			dependencies = (
			);
			name = SolidProject;
			productName = SolidProject;
			productReference = 7C4B9D0B221ACA6A00DED97D /* SolidProject.app */;
			productType = "com.apple.product-type.application";
		};
/* End PBXNativeTarget section */

/* Begin PBXProject section */
		7C4B9D03221ACA6A00DED97D /* Project object */ = {
			isa = PBXProject;
			attributes = {
				LastSwiftUpdateCheck = 1010;
				LastUpgradeCheck = 1010;
				ORGANIZATIONNAME = "Ильдар Залялов";
				TargetAttributes = {
					7C4B9D0A221ACA6A00DED97D = {
						CreatedOnToolsVersion = 10.1;
					};
				};
			};
			buildConfigurationList = 7C4B9D06221ACA6A00DED97D /* Build configuration list for PBXProject "SolidProject" */;
			compatibilityVersion = "Xcode 9.3";
			developmentRegion = en;
			hasScannedForEncodings = 0;
			knownRegions = (
				en,
				Base,
			);
			mainGroup = 7C4B9D02221ACA6A00DED97D;
			productRefGroup = 7C4B9D0C221ACA6A00DED97D /* Products */;
			projectDirPath = "";
			projectRoot = "";
			targets = (
				7C4B9D0A221ACA6A00DED97D /* SolidProject */,
			);
		};
/* End PBXProject section */

/* Begin PBXResourcesBuildPhase section */
		7C4B9D09221ACA6A00DED97D /* Resources */ = {
			isa = PBXResourcesBuildPhase;
			buildActionMask = 2147483647;
			files = (
				7C4B9D19221ACA6B00DED97D /* LaunchScreen.storyboard in Resources */,
				7C4B9D25221ACF8D00DED97D /* MyTableViewCell.xib in Resources */,
				7C4B9D16221ACA6B00DED97D /* Assets.xcassets in Resources */,
				7C4B9D14221ACA6A00DED97D /* Main.storyboard in Resources */,
				23CCE57D221ED59C00A5746A /* MainSb.storyboard in Resources */,
			);
			runOnlyForDeploymentPostprocessing = 0;
		};
/* End PBXResourcesBuildPhase section */

/* Begin PBXSourcesBuildPhase section */
		7C4B9D07221ACA6A00DED97D /* Sources */ = {
			isa = PBXSourcesBuildPhase;
			buildActionMask = 2147483647;
			files = (
				7C4B9D27221AD97400DED97D /* MiddleViewController.swift in Sources */,
				7C4B9D11221ACA6A00DED97D /* ViewController.swift in Sources */,
				7C4B9D24221ACF8D00DED97D /* MyTableViewCell.swift in Sources */,
				7C4B9D21221ACAAA00DED97D /* NetManager.swift in Sources */,
				7C4B9D0F221ACA6A00DED97D /* AppDelegate.swift in Sources */,
				7C4B9D29221AD97A00DED97D /* SettingsViewController.swift in Sources */,
			);
			runOnlyForDeploymentPostprocessing = 0;
		};
/* End PBXSourcesBuildPhase section */

/* Begin PBXVariantGroup section */
		7C4B9D12221ACA6A00DED97D /* Main.storyboard */ = {
			isa = PBXVariantGroup;
			children = (
				7C4B9D13221ACA6A00DED97D /* Base */,
			);
			name = Main.storyboard;
			sourceTree = "<group>";
		};
		7C4B9D17221ACA6B00DED97D /* LaunchScreen.storyboard */ = {
			isa = PBXVariantGroup;
			children = (
				7C4B9D18221ACA6B00DED97D /* Base */,
			);
			name = LaunchScreen.storyboard;
			sourceTree = "<group>";
		};
/* End PBXVariantGroup section */

/* Begin XCBuildConfiguration section */
		7C4B9D1B221ACA6B00DED97D /* Debug */ = {
			isa = XCBuildConfiguration;
			buildSettings = {
				ALWAYS_SEARCH_USER_PATHS = NO;
				CLANG_ANALYZER_NONNULL = YES;
				CLANG_ANALYZER_NUMBER_OBJECT_CONVERSION = YES_AGGRESSIVE;
				CLANG_CXX_LANGUAGE_STANDARD = "gnu++14";
				CLANG_CXX_LIBRARY = "libc++";
				CLANG_ENABLE_MODULES = YES;
				CLANG_ENABLE_OBJC_ARC = YES;
				CLANG_ENABLE_OBJC_WEAK = YES;
				CLANG_WARN_BLOCK_CAPTURE_AUTORELEASING = YES;
				CLANG_WARN_BOOL_CONVERSION = YES;
				CLANG_WARN_COMMA = YES;
				CLANG_WARN_CONSTANT_CONVERSION = YES;
				CLANG_WARN_DEPRECATED_OBJC_IMPLEMENTATIONS = YES;
				CLANG_WARN_DIRECT_OBJC_ISA_USAGE = YES_ERROR;
				CLANG_WARN_DOCUMENTATION_COMMENTS = YES;
				CLANG_WARN_EMPTY_BODY = YES;
				CLANG_WARN_ENUM_CONVERSION = YES;
				CLANG_WARN_INFINITE_RECURSION = YES;
				CLANG_WARN_INT_CONVERSION = YES;
				CLANG_WARN_NON_LITERAL_NULL_CONVERSION = YES;
				CLANG_WARN_OBJC_IMPLICIT_RETAIN_SELF = YES;
				CLANG_WARN_OBJC_LITERAL_CONVERSION = YES;
				CLANG_WARN_OBJC_ROOT_CLASS = YES_ERROR;
				CLANG_WARN_RANGE_LOOP_ANALYSIS = YES;
				CLANG_WARN_STRICT_PROTOTYPES = YES;
				CLANG_WARN_SUSPICIOUS_MOVE = YES;
				CLANG_WARN_UNGUARDED_AVAILABILITY = YES_AGGRESSIVE;
				CLANG_WARN_UNREACHABLE_CODE = YES;
				CLANG_WARN__DUPLICATE_METHOD_MATCH = YES;
				CODE_SIGN_IDENTITY = "iPhone Developer";
				COPY_PHASE_STRIP = NO;
				DEBUG_INFORMATION_FORMAT = dwarf;
				ENABLE_STRICT_OBJC_MSGSEND = YES;
				ENABLE_TESTABILITY = YES;
				GCC_C_LANGUAGE_STANDARD = gnu11;
				GCC_DYNAMIC_NO_PIC = NO;
				GCC_NO_COMMON_BLOCKS = YES;
				GCC_OPTIMIZATION_LEVEL = 0;
				GCC_PREPROCESSOR_DEFINITIONS = (
					"DEBUG=1",
					"$(inherited)",
				);
				GCC_WARN_64_TO_32_BIT_CONVERSION = YES;
				GCC_WARN_ABOUT_RETURN_TYPE = YES_ERROR;
				GCC_WARN_UNDECLARED_SELECTOR = YES;
				GCC_WARN_UNINITIALIZED_AUTOS = YES_AGGRESSIVE;
				GCC_WARN_UNUSED_FUNCTION = YES;
				GCC_WARN_UNUSED_VARIABLE = YES;
				IPHONEOS_DEPLOYMENT_TARGET = 12.1;
				MTL_ENABLE_DEBUG_INFO = INCLUDE_SOURCE;
				MTL_FAST_MATH = YES;
				ONLY_ACTIVE_ARCH = YES;
				SDKROOT = iphoneos;
				SWIFT_ACTIVE_COMPILATION_CONDITIONS = DEBUG;
				SWIFT_OPTIMIZATION_LEVEL = "-Onone";
			};
			name = Debug;
		};
		7C4B9D1C221ACA6B00DED97D /* Release */ = {
			isa = XCBuildConfiguration;
			buildSettings = {
				ALWAYS_SEARCH_USER_PATHS = NO;
				CLANG_ANALYZER_NONNULL = YES;
				CLANG_ANALYZER_NUMBER_OBJECT_CONVERSION = YES_AGGRESSIVE;
				CLANG_CXX_LANGUAGE_STANDARD = "gnu++14";
				CLANG_CXX_LIBRARY = "libc++";
				CLANG_ENABLE_MODULES = YES;
				CLANG_ENABLE_OBJC_ARC = YES;
				CLANG_ENABLE_OBJC_WEAK = YES;
				CLANG_WARN_BLOCK_CAPTURE_AUTORELEASING = YES;
				CLANG_WARN_BOOL_CONVERSION = YES;
				CLANG_WARN_COMMA = YES;
				CLANG_WARN_CONSTANT_CONVERSION = YES;
				CLANG_WARN_DEPRECATED_OBJC_IMPLEMENTATIONS = YES;
				CLANG_WARN_DIRECT_OBJC_ISA_USAGE = YES_ERROR;
				CLANG_WARN_DOCUMENTATION_COMMENTS = YES;
				CLANG_WARN_EMPTY_BODY = YES;
				CLANG_WARN_ENUM_CONVERSION = YES;
				CLANG_WARN_INFINITE_RECURSION = YES;
				CLANG_WARN_INT_CONVERSION = YES;
				CLANG_WARN_NON_LITERAL_NULL_CONVERSION = YES;
				CLANG_WARN_OBJC_IMPLICIT_RETAIN_SELF = YES;
				CLANG_WARN_OBJC_LITERAL_CONVERSION = YES;
				CLANG_WARN_OBJC_ROOT_CLASS = YES_ERROR;
				CLANG_WARN_RANGE_LOOP_ANALYSIS = YES;
				CLANG_WARN_STRICT_PROTOTYPES = YES;
				CLANG_WARN_SUSPICIOUS_MOVE = YES;
				CLANG_WARN_UNGUARDED_AVAILABILITY = YES_AGGRESSIVE;
				CLANG_WARN_UNREACHABLE_CODE = YES;
				CLANG_WARN__DUPLICATE_METHOD_MATCH = YES;
				CODE_SIGN_IDENTITY = "iPhone Developer";
				COPY_PHASE_STRIP = NO;
				DEBUG_INFORMATION_FORMAT = "dwarf-with-dsym";
				ENABLE_NS_ASSERTIONS = NO;
				ENABLE_STRICT_OBJC_MSGSEND = YES;
				GCC_C_LANGUAGE_STANDARD = gnu11;
				GCC_NO_COMMON_BLOCKS = YES;
				GCC_WARN_64_TO_32_BIT_CONVERSION = YES;
				GCC_WARN_ABOUT_RETURN_TYPE = YES_ERROR;
				GCC_WARN_UNDECLARED_SELECTOR = YES;
				GCC_WARN_UNINITIALIZED_AUTOS = YES_AGGRESSIVE;
				GCC_WARN_UNUSED_FUNCTION = YES;
				GCC_WARN_UNUSED_VARIABLE = YES;
				IPHONEOS_DEPLOYMENT_TARGET = 12.1;
				MTL_ENABLE_DEBUG_INFO = NO;
				MTL_FAST_MATH = YES;
				SDKROOT = iphoneos;
				SWIFT_COMPILATION_MODE = wholemodule;
				SWIFT_OPTIMIZATION_LEVEL = "-O";
				VALIDATE_PRODUCT = YES;
			};
			name = Release;
		};
		7C4B9D1E221ACA6B00DED97D /* Debug */ = {
			isa = XCBuildConfiguration;
			buildSettings = {
				ASSETCATALOG_COMPILER_APPICON_NAME = AppIcon;
				CODE_SIGN_STYLE = Automatic;
				INFOPLIST_FILE = SolidProject/Info.plist;
				IPHONEOS_DEPLOYMENT_TARGET = 9.0;
				LD_RUNPATH_SEARCH_PATHS = (
					"$(inherited)",
					"@executable_path/Frameworks",
				);
				PRODUCT_BUNDLE_IDENTIFIER = ru.iosLab.SolidProject;
				PRODUCT_NAME = "$(TARGET_NAME)";
				SWIFT_VERSION = 4.2;
				TARGETED_DEVICE_FAMILY = "1,2";
			};
			name = Debug;
		};
		7C4B9D1F221ACA6B00DED97D /* Release */ = {
			isa = XCBuildConfiguration;
			buildSettings = {
				ASSETCATALOG_COMPILER_APPICON_NAME = AppIcon;
				CODE_SIGN_STYLE = Automatic;
				INFOPLIST_FILE = SolidProject/Info.plist;
				IPHONEOS_DEPLOYMENT_TARGET = 9.0;
				LD_RUNPATH_SEARCH_PATHS = (
					"$(inherited)",
					"@executable_path/Frameworks",
				);
				PRODUCT_BUNDLE_IDENTIFIER = ru.iosLab.SolidProject;
				PRODUCT_NAME = "$(TARGET_NAME)";
				SWIFT_VERSION = 4.2;
				TARGETED_DEVICE_FAMILY = "1,2";
			};
			name = Release;
		};
/* End XCBuildConfiguration section */

/* Begin XCConfigurationList section */
		7C4B9D06221ACA6A00DED97D /* Build configuration list for PBXProject "SolidProject" */ = {
			isa = XCConfigurationList;
			buildConfigurations = (
				7C4B9D1B221ACA6B00DED97D /* Debug */,
				7C4B9D1C221ACA6B00DED97D /* Release */,
			);
			defaultConfigurationIsVisible = 0;
			defaultConfigurationName = Release;
		};
		7C4B9D1D221ACA6B00DED97D /* Build configuration list for PBXNativeTarget "SolidProject" */ = {
			isa = XCConfigurationList;
			buildConfigurations = (
				7C4B9D1E221ACA6B00DED97D /* Debug */,
				7C4B9D1F221ACA6B00DED97D /* Release */,
			);
			defaultConfigurationIsVisible = 0;
			defaultConfigurationName = Release;
		};
/* End XCConfigurationList section */
	};
	rootObject = 7C4B9D03221ACA6A00DED97D /* Project object */;
}
